
Microsoft Visual Studio Solution File, Format Version 12.00
# Visual Studio Version 16
VisualStudioVersion = 16.0.32228.343
MinimumVisualStudioVersion = 10.0.40219.1
Project("{2150E333-8FDC-42A3-9474-1A3956D46DE8}") = "Chapter02", "Chapter02", "{F9BBCF8F-B263-435A-8F76-9021C2F72063}"
EndProject
Project("{FAE04EC0-301F-11D3-BF4B-00C04F79EFBC}") = "DistanceConverter", "Chapter02\DistanceConverter\DistanceConverter.csproj", "{DE6638F8-4767-4C80-BA7E-B3D7E9129CA3}"
EndProject
Project("{FAE04EC0-301F-11D3-BF4B-00C04F79EFBC}") = "SalesCalculator", "Chapter02\DistanceConverter\SalesCalculator\SalesCalculator.csproj", "{DC2C19F5-4F86-40F4-8E64-162CB25894D9}"
EndProject
Project("{2150E333-8FDC-42A3-9474-1A3956D46DE8}") = "Chapter03", "Chapter03", "{D5B4F715-21E0-466B-B406-8021BEF47F76}"
EndProject
Project("{FAE04EC0-301F-11D3-BF4B-00C04F79EFBC}") = "Exercise01", "Chapter03\Exercise01\Exercise01.csproj", "{B42D4C68-D2EA-4CE5-B8CD-3B68DF38B8C1}"
EndProject
Project("{FAE04EC0-301F-11D3-BF4B-00C04F79EFBC}") = "Section01", "Chapter03\Section01\Section01.csproj", "{C617FDC1-DDFA-485A-B18E-3F101D329A52}"
EndProject
Project("{FAE04EC0-301F-11D3-BF4B-00C04F79EFBC}") = "Section04", "Chapter03\Section04\Section04.csproj", "{0473C864-E30F-4D2B-A6A8-11960EE9CD6B}"
EndProject
Project("{FAE04EC0-301F-11D3-BF4B-00C04F79EFBC}") = "Exercise02", "Chapter03\Exercise02\Exercise02.csproj", "{80630320-5001-4578-A0BC-A23864EBB436}"
EndProject
Project("{2150E333-8FDC-42A3-9474-1A3956D46DE8}") = "Chapter04", "Chapter04", "{AB7D0990-27A2-44E6-84BB-DE93DE3796A4}"
EndProject
Project("{FAE04EC0-301F-11D3-BF4B-00C04F79EFBC}") = "Excercise01", "Chapter04\Excercise01\Excercise01.csproj", "{95141FB0-BDFA-42C4-81AA-B1CD43384B4E}"
EndProject
Project("{FAE04EC0-301F-11D3-BF4B-00C04F79EFBC}") = "Exercise02", "Chapter04\Excerise02\Exercise02.csproj", "{EBDA7375-03B9-4189-8155-AA6CAA824B69}"
EndProject
Global
	GlobalSection(SolutionConfigurationPlatforms) = preSolution
		Debug|Any CPU = Debug|Any CPU
		Release|Any CPU = Release|Any CPU
	EndGlobalSection
	GlobalSection(ProjectConfigurationPlatforms) = postSolution
		{DE6638F8-4767-4C80-BA7E-B3D7E9129CA3}.Debug|Any CPU.ActiveCfg = Debug|Any CPU
		{DE6638F8-4767-4C80-BA7E-B3D7E9129CA3}.Debug|Any CPU.Build.0 = Debug|Any CPU
		{DE6638F8-4767-4C80-BA7E-B3D7E9129CA3}.Release|Any CPU.ActiveCfg = Release|Any CPU
		{DE6638F8-4767-4C80-BA7E-B3D7E9129CA3}.Release|Any CPU.Build.0 = Release|Any CPU
		{DC2C19F5-4F86-40F4-8E64-162CB25894D9}.Debug|Any CPU.ActiveCfg = Debug|Any CPU
		{DC2C19F5-4F86-40F4-8E64-162CB25894D9}.Debug|Any CPU.Build.0 = Debug|Any CPU
		{DC2C19F5-4F86-40F4-8E64-162CB25894D9}.Release|Any CPU.ActiveCfg = Release|Any CPU
		{DC2C19F5-4F86-40F4-8E64-162CB25894D9}.Release|Any CPU.Build.0 = Release|Any CPU
		{B42D4C68-D2EA-4CE5-B8CD-3B68DF38B8C1}.Debug|Any CPU.ActiveCfg = Debug|Any CPU
		{B42D4C68-D2EA-4CE5-B8CD-3B68DF38B8C1}.Debug|Any CPU.Build.0 = Debug|Any CPU
		{B42D4C68-D2EA-4CE5-B8CD-3B68DF38B8C1}.Release|Any CPU.ActiveCfg = Release|Any CPU
		{B42D4C68-D2EA-4CE5-B8CD-3B68DF38B8C1}.Release|Any CPU.Build.0 = Release|Any CPU
		{C617FDC1-DDFA-485A-B18E-3F101D329A52}.Debug|Any CPU.ActiveCfg = Debug|Any CPU
		{C617FDC1-DDFA-485A-B18E-3F101D329A52}.Debug|Any CPU.Build.0 = Debug|Any CPU
		{C617FDC1-DDFA-485A-B18E-3F101D329A52}.Release|Any CPU.ActiveCfg = Release|Any CPU
		{C617FDC1-DDFA-485A-B18E-3F101D329A52}.Release|Any CPU.Build.0 = Release|Any CPU
		{0473C864-E30F-4D2B-A6A8-11960EE9CD6B}.Debug|Any CPU.ActiveCfg = Debug|Any CPU
		{0473C864-E30F-4D2B-A6A8-11960EE9CD6B}.Debug|Any CPU.Build.0 = Debug|Any CPU
		{0473C864-E30F-4D2B-A6A8-11960EE9CD6B}.Release|Any CPU.ActiveCfg = Release|Any CPU
		{0473C864-E30F-4D2B-A6A8-11960EE9CD6B}.Release|Any CPU.Build.0 = Release|Any CPU
		{80630320-5001-4578-A0BC-A23864EBB436}.Debug|Any CPU.ActiveCfg = Debug|Any CPU
		{80630320-5001-4578-A0BC-A23864EBB436}.Debug|Any CPU.Build.0 = Debug|Any CPU
		{80630320-5001-4578-A0BC-A23864EBB436}.Release|Any CPU.ActiveCfg = Release|Any CPU
		{80630320-5001-4578-A0BC-A23864EBB436}.Release|Any CPU.Build.0 = Release|Any CPU
		{95141FB0-BDFA-42C4-81AA-B1CD43384B4E}.Debug|Any CPU.ActiveCfg = Debug|Any CPU
		{95141FB0-BDFA-42C4-81AA-B1CD43384B4E}.Debug|Any CPU.Build.0 = Debug|Any CPU
		{95141FB0-BDFA-42C4-81AA-B1CD43384B4E}.Release|Any CPU.ActiveCfg = Release|Any CPU
		{95141FB0-BDFA-42C4-81AA-B1CD43384B4E}.Release|Any CPU.Build.0 = Release|Any CPU
		{EBDA7375-03B9-4189-8155-AA6CAA824B69}.Debug|Any CPU.ActiveCfg = Debug|Any CPU
		{EBDA7375-03B9-4189-8155-AA6CAA824B69}.Debug|Any CPU.Build.0 = Debug|Any CPU
		{EBDA7375-03B9-4189-8155-AA6CAA824B69}.Release|Any CPU.ActiveCfg = Release|Any CPU
		{EBDA7375-03B9-4189-8155-AA6CAA824B69}.Release|Any CPU.Build.0 = Release|Any CPU
	EndGlobalSection
	GlobalSection(SolutionProperties) = preSolution
		HideSolutionNode = FALSE
	EndGlobalSection
	GlobalSection(NestedProjects) = preSolution
		{DE6638F8-4767-4C80-BA7E-B3D7E9129CA3} = {F9BBCF8F-B263-435A-8F76-9021C2F72063}
		{DC2C19F5-4F86-40F4-8E64-162CB25894D9} = {F9BBCF8F-B263-435A-8F76-9021C2F72063}
		{B42D4C68-D2EA-4CE5-B8CD-3B68DF38B8C1} = {D5B4F715-21E0-466B-B406-8021BEF47F76}
		{C617FDC1-DDFA-485A-B18E-3F101D329A52} = {D5B4F715-21E0-466B-B406-8021BEF47F76}
		{0473C864-E30F-4D2B-A6A8-11960EE9CD6B} = {D5B4F715-21E0-466B-B406-8021BEF47F76}
		{80630320-5001-4578-A0BC-A23864EBB436} = {D5B4F715-21E0-466B-B406-8021BEF47F76}
		{95141FB0-BDFA-42C4-81AA-B1CD43384B4E} = {AB7D0990-27A2-44E6-84BB-DE93DE3796A4}
		{EBDA7375-03B9-4189-8155-AA6CAA824B69} = {AB7D0990-27A2-44E6-84BB-DE93DE3796A4}
	EndGlobalSection
	GlobalSection(ExtensibilityGlobals) = postSolution
		SolutionGuid = {2B4FA00A-F87B-4DE0-9461-31695E3DC30C}
	EndGlobalSection
EndGlobal
