
Microsoft Visual Studio Solution File, Format Version 12.00
# Visual Studio Version 16
VisualStudioVersion = 16.0.32228.343
MinimumVisualStudioVersion = 10.0.40219.1
Project("{2150E333-8FDC-42A3-9474-1A3956D46DE8}") = "Chapter02", "Chapter02", "{F9BBCF8F-B263-435A-8F76-9021C2F72063}"
EndProject
Project("{FAE04EC0-301F-11D3-BF4B-00C04F79EFBC}") = "DistanceConverter", "Chapter02\DistanceConverter\DistanceConverter.csproj", "{DE6638F8-4767-4C80-BA7E-B3D7E9129CA3}"
EndProject
Project("{FAE04EC0-301F-11D3-BF4B-00C04F79EFBC}") = "SalesCalculator", "Chapter02\DistanceConverter\SalesCalculator\SalesCalculator.csproj", "{DC2C19F5-4F86-40F4-8E64-162CB25894D9}"
EndProject
Project("{2150E333-8FDC-42A3-9474-1A3956D46DE8}") = "Chapter03", "Chapter03", "{D5B4F715-21E0-466B-B406-8021BEF47F76}"
EndProject
Project("{FAE04EC0-301F-11D3-BF4B-00C04F79EFBC}") = "Exercise01", "Chapter03\Exercise01\Exercise01.csproj", "{B42D4C68-D2EA-4CE5-B8CD-3B68DF38B8C1}"
EndProject
Project("{FAE04EC0-301F-11D3-BF4B-00C04F79EFBC}") = "Section01", "Chapter03\Section01\Section01.csproj", "{C617FDC1-DDFA-485A-B18E-3F101D329A52}"
EndProject
Project("{FAE04EC0-301F-11D3-BF4B-00C04F79EFBC}") = "Section04", "Chapter03\Section04\Section04.csproj", "{0473C864-E30F-4D2B-A6A8-11960EE9CD6B}"
EndProject
Project("{FAE04EC0-301F-11D3-BF4B-00C04F79EFBC}") = "Exercise02", "Chapter03\Exercise02\Exercise02.csproj", "{80630320-5001-4578-A0BC-A23864EBB436}"
EndProject
Project("{2150E333-8FDC-42A3-9474-1A3956D46DE8}") = "Chapter04", "Chapter04", "{AB7D0990-27A2-44E6-84BB-DE93DE3796A4}"
EndProject
Project("{FAE04EC0-301F-11D3-BF4B-00C04F79EFBC}") = "Excercise01", "Chapter04\Excercise01\Excercise01.csproj", "{95141FB0-BDFA-42C4-81AA-B1CD43384B4E}"
EndProject
Project("{FAE04EC0-301F-11D3-BF4B-00C04F79EFBC}") = "Exercise02", "Chapter04\Excerise02\Exercise02.csproj", "{EBDA7375-03B9-4189-8155-AA6CAA824B69}"
EndProject
Project("{2150E333-8FDC-42A3-9474-1A3956D46DE8}") = "Chapter05", "Chapter05", "{6041E820-DB87-430A-A50E-A9C3DF15B797}"
EndProject
Project("{FAE04EC0-301F-11D3-BF4B-00C04F79EFBC}") = "Exercise01", "Exercise01\Exercise01.csproj", "{D027E490-DF6B-41EA-AF70-ECF6A1489181}"
EndProject
Project("{FAE04EC0-301F-11D3-BF4B-00C04F79EFBC}") = "Exercise03", "Exercise03\Exercise03.csproj", "{FA7F5021-982E-4686-97E6-5E7F76A464B2}"
EndProject
Project("{FAE04EC0-301F-11D3-BF4B-00C04F79EFBC}") = "Exercise02", "Exercise02\Exercise02.csproj", "{AA0BE198-A222-445B-B6B7-54F1DBDC9EF5}"
EndProject
Project("{FAE04EC0-301F-11D3-BF4B-00C04F79EFBC}") = "Exercise04", "Exercise04\Exercise04.csproj", "{CE3E3273-3A50-431D-840E-A432852CD2A2}"
EndProject
Project("{2150E333-8FDC-42A3-9474-1A3956D46DE8}") = "Chapter06", "Chapter06", "{8571626A-6124-4EC9-9ABB-E35C1C37FA95}"
EndProject
Project("{FAE04EC0-301F-11D3-BF4B-00C04F79EFBC}") = "Exercise01", "Chapter06\Exercise01\Exercise01.csproj", "{2D653C64-BDE2-4F4E-8384-ADAD81430C1B}"
EndProject
Project("{FAE04EC0-301F-11D3-BF4B-00C04F79EFBC}") = "Exercise02", "Chapter06\Exercise02\Exercise02.csproj", "{DCCDCA7B-3383-4F7D-9C81-BD20B487E211}"
EndProject
Project("{2150E333-8FDC-42A3-9474-1A3956D46DE8}") = "FormAppSample", "FormAppSample", "{D0DEA8A7-A2E9-43AB-9294-EC306ADFA794}"
EndProject
Project("{FAE04EC0-301F-11D3-BF4B-00C04F79EFBC}") = "Sample0603", "FormAppSample\Sample0603\Sample0603.csproj", "{B463A031-FF86-4A69-AD60-86D5AA6F785C}"
EndProject
Project("{FAE04EC0-301F-11D3-BF4B-00C04F79EFBC}") = "Sample0607", "FormAppSample\Sample0607\Sample0607.csproj", "{BF57AA7F-81AC-463C-BEAE-29920BEC7F74}"
EndProject
Project("{FAE04EC0-301F-11D3-BF4B-00C04F79EFBC}") = "NumberGame", "FormAppSample\NumberGame\NumberGame.csproj", "{BF61D32D-81CD-4566-943D-41C0850C76E9}"
EndProject
Project("{FAE04EC0-301F-11D3-BF4B-00C04F79EFBC}") = "AddressBook", "FormAppSample\AddressBook\AddressBook.csproj", "{3603F173-20C1-428A-AD30-955522BEBDDF}"
EndProject
Project("{2150E333-8FDC-42A3-9474-1A3956D46DE8}") = "Test202206", "Test202206", "{5824B7FB-CE4C-4A56-96D1-C8F77B089758}"
EndProject
Project("{FAE04EC0-301F-11D3-BF4B-00C04F79EFBC}") = "Test01", "Test202206\TestProject\Test01\Test01.csproj", "{2BFACDC3-F44D-4199-8498-F5C3C4AC0335}"
EndProject
Project("{FAE04EC0-301F-11D3-BF4B-00C04F79EFBC}") = "Test02", "Test202206\TestProject\Test02\Test02.csproj", "{E461C0A8-8900-485C-B520-E929BA33F712}"
EndProject
Project("{2150E333-8FDC-42A3-9474-1A3956D46DE8}") = "Chapter11", "Chapter11", "{03350AA5-C483-4A44-9B7C-15F782FD41FC}"
	ProjectSection(SolutionItems) = preProject
		\\172.16.45.1\学生共有\#infosys2022\オブジェクト指向プログラミング\２期目\novelists.xml = \\172.16.45.1\学生共有\#infosys2022\オブジェクト指向プログラミング\２期目\novelists.xml
	EndProjectSection
EndProject
Project("{FAE04EC0-301F-11D3-BF4B-00C04F79EFBC}") = "XmlSample", "Chapter11\XmlSample\XmlSample.csproj", "{7C385264-592B-40C8-A513-10890C08CF50}"
EndProject
Project("{FAE04EC0-301F-11D3-BF4B-00C04F79EFBC}") = "RssReader", "Chapter11\RssReader\RssReader.csproj", "{551F949E-CE4C-4971-A3EE-D1284AA40873}"
EndProject
Project("{FAE04EC0-301F-11D3-BF4B-00C04F79EFBC}") = "Exercise01", "Chapter11\Exercise01\Exercise01.csproj", "{AFC38838-9DFD-42DE-B8E8-61A2ADCC4DD5}"
EndProject
Project("{2150E333-8FDC-42A3-9474-1A3956D46DE8}") = "Chapter12", "Chapter12", "{68695B50-2CD2-4027-A656-44DE55A37F94}"
EndProject
Project("{FAE04EC0-301F-11D3-BF4B-00C04F79EFBC}") = "Section01", "Chapter12\Section01\Section01.csproj", "{B31EA04B-CC9E-4CD1-9911-1ECF98F84B1A}"
EndProject
Project("{FAE04EC0-301F-11D3-BF4B-00C04F79EFBC}") = "Section02", "Chapter12\Section02\Section02.csproj", "{2649F97E-E724-46B0-BD24-E3C734AF91FD}"
EndProject
Project("{FAE04EC0-301F-11D3-BF4B-00C04F79EFBC}") = "Exercise01", "Chapter12\Exercise01\Exercise01.csproj", "{5FBF8E0E-B62F-42CF-94D6-7BF59C70C6E3}"
EndProject
Project("{FAE04EC0-301F-11D3-BF4B-00C04F79EFBC}") = "Exercise02", "Chapter12\Exercise02\Exercise02.csproj", "{5B5223AE-9E38-449A-8600-57C947E4D68D}"
EndProject
Project("{2150E333-8FDC-42A3-9474-1A3956D46DE8}") = "CarReportsystem", "CarReportsystem", "{6C33A386-E0FF-4766-AC55-9EDDD43D149A}"
EndProject
Project("{FAE04EC0-301F-11D3-BF4B-00C04F79EFBC}") = "CarReportSystem", "CarReportSystem\CarReportSystem\CarReportSystem.csproj", "{962F2161-CC9E-43F7-A535-2C39EF875677}"
EndProject
Project("{FAE04EC0-301F-11D3-BF4B-00C04F79EFBC}") = "Car", "CarReportSystem\Car\Car.csproj", "{8F91E0C5-81CE-458A-B221-6F09549FF908}"
EndProject
Project("{2150E333-8FDC-42A3-9474-1A3956D46DE8}") = "DesignPattern", "DesignPattern", "{32019528-533D-4830-BB64-B5706E8881BE}"
EndProject
Project("{FAE04EC0-301F-11D3-BF4B-00C04F79EFBC}") = "SingletonSample", "DesignPattern\SingletonSample\SingletonSample.csproj", "{889DB3BC-ECDE-4DBD-A615-D19684922B17}"
EndProject
Project("{2150E333-8FDC-42A3-9474-1A3956D46DE8}") = "Chapter17", "Chapter17", "{1F1DFC0A-5413-4F88-8FF6-E114D1AD3BAA}"
EndProject
Project("{FAE04EC0-301F-11D3-BF4B-00C04F79EFBC}") = "Section01", "Chapter17\Section01\Section01.csproj", "{46433CE3-4C88-4158-ADBB-0CC07904F04A}"
EndProject
Project("{2150E333-8FDC-42A3-9474-1A3956D46DE8}") = "TemplateMethod", "TemplateMethod", "{2F5CAB22-4BCE-4FA0-8A05-AAE27982B925}"
EndProject
Project("{FAE04EC0-301F-11D3-BF4B-00C04F79EFBC}") = "TextFileProcessor", "Chapter17\TemplateMethod\TextFileProcessor\TextFileProcessor.csproj", "{6138D16C-9D92-4003-B13E-F24094136709}"
EndProject
Project("{FAE04EC0-301F-11D3-BF4B-00C04F79EFBC}") = "LineCounter", "Chapter17\TemplateMethod\LineCounter\LineCounter.csproj", "{8E159257-3F4E-4273-9DC1-E63BBC5E75DF}"
EndProject
Project("{FAE04EC0-301F-11D3-BF4B-00C04F79EFBC}") = "Excrcise1", "Chapter17\Exercise\Excrcise1\Excrcise1.csproj", "{CCAFFFD3-61F6-44BF-A04E-07D69EAD49B1}"
EndProject
Project("{2150E333-8FDC-42A3-9474-1A3956D46DE8}") = "Strategy", "Strategy", "{C9A9728F-25DD-4138-946C-EB142184BFC8}"
EndProject
Project("{FAE04EC0-301F-11D3-BF4B-00C04F79EFBC}") = "DistanceConverter", "Chapter17\Strategy\DistanceConverter\DistanceConverter.csproj", "{ABE1EF1D-2336-4FA8-831B-9277172201F6}"
EndProject
Project("{2150E333-8FDC-42A3-9474-1A3956D46DE8}") = "NewFolder1", "NewFolder1", "{E3E697A3-A510-411A-9D89-0D01FCFCD021}"
EndProject
Project("{2150E333-8FDC-42A3-9474-1A3956D46DE8}") = "ADONET", "ADONET", "{69B7EBE7-AC67-4B03-915B-FB1125893760}"
EndProject
Project("{FAE04EC0-301F-11D3-BF4B-00C04F79EFBC}") = "DataBaseSample", "ADONET\DataBaseSample\DataBaseSample.csproj", "{3D55C835-D3B3-4E48-A0E1-493B2183ADEF}"
EndProject
Project("{FAE04EC0-301F-11D3-BF4B-00C04F79EFBC}") = "AddressBook", "ADONET\AddressBook\AddressBook.csproj", "{CB930D61-915A-44FA-86F4-7C02F43A8968}"
EndProject
Project("{2150E333-8FDC-42A3-9474-1A3956D46DE8}") = "Chapter13", "Chapter13", "{67AE37E1-40DE-4479-9362-F840E6971754}"
EndProject
Project("{FAE04EC0-301F-11D3-BF4B-00C04F79EFBC}") = "SampleEntityFramework1", "Chapter13\SampleEntityFramework1\SampleEntityFramework1.csproj", "{CF086238-4811-4A27-B274-733FC917A159}"
EndProject
Project("{FAE04EC0-301F-11D3-BF4B-00C04F79EFBC}") = "ConsoleApp1", "Chapter17\ConsoleApp1\ConsoleApp1.csproj", "{EBCA50E9-7C0F-4F71-AA62-1BED6ABF45A5}"
EndProject
Global
	GlobalSection(SolutionConfigurationPlatforms) = preSolution
		Debug|Any CPU = Debug|Any CPU
		Release|Any CPU = Release|Any CPU
	EndGlobalSection
	GlobalSection(ProjectConfigurationPlatforms) = postSolution
		{DE6638F8-4767-4C80-BA7E-B3D7E9129CA3}.Debug|Any CPU.ActiveCfg = Debug|Any CPU
		{DE6638F8-4767-4C80-BA7E-B3D7E9129CA3}.Debug|Any CPU.Build.0 = Debug|Any CPU
		{DE6638F8-4767-4C80-BA7E-B3D7E9129CA3}.Release|Any CPU.ActiveCfg = Release|Any CPU
		{DE6638F8-4767-4C80-BA7E-B3D7E9129CA3}.Release|Any CPU.Build.0 = Release|Any CPU
		{DC2C19F5-4F86-40F4-8E64-162CB25894D9}.Debug|Any CPU.ActiveCfg = Debug|Any CPU
		{DC2C19F5-4F86-40F4-8E64-162CB25894D9}.Debug|Any CPU.Build.0 = Debug|Any CPU
		{DC2C19F5-4F86-40F4-8E64-162CB25894D9}.Release|Any CPU.ActiveCfg = Release|Any CPU
		{DC2C19F5-4F86-40F4-8E64-162CB25894D9}.Release|Any CPU.Build.0 = Release|Any CPU
		{B42D4C68-D2EA-4CE5-B8CD-3B68DF38B8C1}.Debug|Any CPU.ActiveCfg = Debug|Any CPU
		{B42D4C68-D2EA-4CE5-B8CD-3B68DF38B8C1}.Debug|Any CPU.Build.0 = Debug|Any CPU
		{B42D4C68-D2EA-4CE5-B8CD-3B68DF38B8C1}.Release|Any CPU.ActiveCfg = Release|Any CPU
		{B42D4C68-D2EA-4CE5-B8CD-3B68DF38B8C1}.Release|Any CPU.Build.0 = Release|Any CPU
		{C617FDC1-DDFA-485A-B18E-3F101D329A52}.Debug|Any CPU.ActiveCfg = Debug|Any CPU
		{C617FDC1-DDFA-485A-B18E-3F101D329A52}.Debug|Any CPU.Build.0 = Debug|Any CPU
		{C617FDC1-DDFA-485A-B18E-3F101D329A52}.Release|Any CPU.ActiveCfg = Release|Any CPU
		{C617FDC1-DDFA-485A-B18E-3F101D329A52}.Release|Any CPU.Build.0 = Release|Any CPU
		{0473C864-E30F-4D2B-A6A8-11960EE9CD6B}.Debug|Any CPU.ActiveCfg = Debug|Any CPU
		{0473C864-E30F-4D2B-A6A8-11960EE9CD6B}.Debug|Any CPU.Build.0 = Debug|Any CPU
		{0473C864-E30F-4D2B-A6A8-11960EE9CD6B}.Release|Any CPU.ActiveCfg = Release|Any CPU
		{0473C864-E30F-4D2B-A6A8-11960EE9CD6B}.Release|Any CPU.Build.0 = Release|Any CPU
		{80630320-5001-4578-A0BC-A23864EBB436}.Debug|Any CPU.ActiveCfg = Debug|Any CPU
		{80630320-5001-4578-A0BC-A23864EBB436}.Debug|Any CPU.Build.0 = Debug|Any CPU
		{80630320-5001-4578-A0BC-A23864EBB436}.Release|Any CPU.ActiveCfg = Release|Any CPU
		{80630320-5001-4578-A0BC-A23864EBB436}.Release|Any CPU.Build.0 = Release|Any CPU
		{95141FB0-BDFA-42C4-81AA-B1CD43384B4E}.Debug|Any CPU.ActiveCfg = Debug|Any CPU
		{95141FB0-BDFA-42C4-81AA-B1CD43384B4E}.Debug|Any CPU.Build.0 = Debug|Any CPU
		{95141FB0-BDFA-42C4-81AA-B1CD43384B4E}.Release|Any CPU.ActiveCfg = Release|Any CPU
		{95141FB0-BDFA-42C4-81AA-B1CD43384B4E}.Release|Any CPU.Build.0 = Release|Any CPU
		{EBDA7375-03B9-4189-8155-AA6CAA824B69}.Debug|Any CPU.ActiveCfg = Debug|Any CPU
		{EBDA7375-03B9-4189-8155-AA6CAA824B69}.Debug|Any CPU.Build.0 = Debug|Any CPU
		{EBDA7375-03B9-4189-8155-AA6CAA824B69}.Release|Any CPU.ActiveCfg = Release|Any CPU
		{EBDA7375-03B9-4189-8155-AA6CAA824B69}.Release|Any CPU.Build.0 = Release|Any CPU
		{D027E490-DF6B-41EA-AF70-ECF6A1489181}.Debug|Any CPU.ActiveCfg = Debug|Any CPU
		{D027E490-DF6B-41EA-AF70-ECF6A1489181}.Debug|Any CPU.Build.0 = Debug|Any CPU
		{D027E490-DF6B-41EA-AF70-ECF6A1489181}.Release|Any CPU.ActiveCfg = Release|Any CPU
		{D027E490-DF6B-41EA-AF70-ECF6A1489181}.Release|Any CPU.Build.0 = Release|Any CPU
		{FA7F5021-982E-4686-97E6-5E7F76A464B2}.Debug|Any CPU.ActiveCfg = Debug|Any CPU
		{FA7F5021-982E-4686-97E6-5E7F76A464B2}.Debug|Any CPU.Build.0 = Debug|Any CPU
		{FA7F5021-982E-4686-97E6-5E7F76A464B2}.Release|Any CPU.ActiveCfg = Release|Any CPU
		{FA7F5021-982E-4686-97E6-5E7F76A464B2}.Release|Any CPU.Build.0 = Release|Any CPU
		{AA0BE198-A222-445B-B6B7-54F1DBDC9EF5}.Debug|Any CPU.ActiveCfg = Debug|Any CPU
		{AA0BE198-A222-445B-B6B7-54F1DBDC9EF5}.Debug|Any CPU.Build.0 = Debug|Any CPU
		{AA0BE198-A222-445B-B6B7-54F1DBDC9EF5}.Release|Any CPU.ActiveCfg = Release|Any CPU
		{AA0BE198-A222-445B-B6B7-54F1DBDC9EF5}.Release|Any CPU.Build.0 = Release|Any CPU
		{CE3E3273-3A50-431D-840E-A432852CD2A2}.Debug|Any CPU.ActiveCfg = Debug|Any CPU
		{CE3E3273-3A50-431D-840E-A432852CD2A2}.Debug|Any CPU.Build.0 = Debug|Any CPU
		{CE3E3273-3A50-431D-840E-A432852CD2A2}.Release|Any CPU.ActiveCfg = Release|Any CPU
		{CE3E3273-3A50-431D-840E-A432852CD2A2}.Release|Any CPU.Build.0 = Release|Any CPU
		{2D653C64-BDE2-4F4E-8384-ADAD81430C1B}.Debug|Any CPU.ActiveCfg = Debug|Any CPU
		{2D653C64-BDE2-4F4E-8384-ADAD81430C1B}.Debug|Any CPU.Build.0 = Debug|Any CPU
		{2D653C64-BDE2-4F4E-8384-ADAD81430C1B}.Release|Any CPU.ActiveCfg = Release|Any CPU
		{2D653C64-BDE2-4F4E-8384-ADAD81430C1B}.Release|Any CPU.Build.0 = Release|Any CPU
		{DCCDCA7B-3383-4F7D-9C81-BD20B487E211}.Debug|Any CPU.ActiveCfg = Debug|Any CPU
		{DCCDCA7B-3383-4F7D-9C81-BD20B487E211}.Debug|Any CPU.Build.0 = Debug|Any CPU
		{DCCDCA7B-3383-4F7D-9C81-BD20B487E211}.Release|Any CPU.ActiveCfg = Release|Any CPU
		{DCCDCA7B-3383-4F7D-9C81-BD20B487E211}.Release|Any CPU.Build.0 = Release|Any CPU
		{B463A031-FF86-4A69-AD60-86D5AA6F785C}.Debug|Any CPU.ActiveCfg = Debug|Any CPU
		{B463A031-FF86-4A69-AD60-86D5AA6F785C}.Debug|Any CPU.Build.0 = Debug|Any CPU
		{B463A031-FF86-4A69-AD60-86D5AA6F785C}.Release|Any CPU.ActiveCfg = Release|Any CPU
		{B463A031-FF86-4A69-AD60-86D5AA6F785C}.Release|Any CPU.Build.0 = Release|Any CPU
		{BF57AA7F-81AC-463C-BEAE-29920BEC7F74}.Debug|Any CPU.ActiveCfg = Debug|Any CPU
		{BF57AA7F-81AC-463C-BEAE-29920BEC7F74}.Debug|Any CPU.Build.0 = Debug|Any CPU
		{BF57AA7F-81AC-463C-BEAE-29920BEC7F74}.Release|Any CPU.ActiveCfg = Release|Any CPU
		{BF57AA7F-81AC-463C-BEAE-29920BEC7F74}.Release|Any CPU.Build.0 = Release|Any CPU
		{BF61D32D-81CD-4566-943D-41C0850C76E9}.Debug|Any CPU.ActiveCfg = Debug|Any CPU
		{BF61D32D-81CD-4566-943D-41C0850C76E9}.Debug|Any CPU.Build.0 = Debug|Any CPU
		{BF61D32D-81CD-4566-943D-41C0850C76E9}.Release|Any CPU.ActiveCfg = Release|Any CPU
		{BF61D32D-81CD-4566-943D-41C0850C76E9}.Release|Any CPU.Build.0 = Release|Any CPU
		{3603F173-20C1-428A-AD30-955522BEBDDF}.Debug|Any CPU.ActiveCfg = Debug|Any CPU
		{3603F173-20C1-428A-AD30-955522BEBDDF}.Debug|Any CPU.Build.0 = Debug|Any CPU
		{3603F173-20C1-428A-AD30-955522BEBDDF}.Release|Any CPU.ActiveCfg = Release|Any CPU
		{3603F173-20C1-428A-AD30-955522BEBDDF}.Release|Any CPU.Build.0 = Release|Any CPU
		{2BFACDC3-F44D-4199-8498-F5C3C4AC0335}.Debug|Any CPU.ActiveCfg = Debug|Any CPU
		{2BFACDC3-F44D-4199-8498-F5C3C4AC0335}.Debug|Any CPU.Build.0 = Debug|Any CPU
		{2BFACDC3-F44D-4199-8498-F5C3C4AC0335}.Release|Any CPU.ActiveCfg = Release|Any CPU
		{2BFACDC3-F44D-4199-8498-F5C3C4AC0335}.Release|Any CPU.Build.0 = Release|Any CPU
		{E461C0A8-8900-485C-B520-E929BA33F712}.Debug|Any CPU.ActiveCfg = Debug|Any CPU
		{E461C0A8-8900-485C-B520-E929BA33F712}.Debug|Any CPU.Build.0 = Debug|Any CPU
		{E461C0A8-8900-485C-B520-E929BA33F712}.Release|Any CPU.ActiveCfg = Release|Any CPU
		{E461C0A8-8900-485C-B520-E929BA33F712}.Release|Any CPU.Build.0 = Release|Any CPU
		{7C385264-592B-40C8-A513-10890C08CF50}.Debug|Any CPU.ActiveCfg = Debug|Any CPU
		{7C385264-592B-40C8-A513-10890C08CF50}.Debug|Any CPU.Build.0 = Debug|Any CPU
		{7C385264-592B-40C8-A513-10890C08CF50}.Release|Any CPU.ActiveCfg = Release|Any CPU
		{7C385264-592B-40C8-A513-10890C08CF50}.Release|Any CPU.Build.0 = Release|Any CPU
		{551F949E-CE4C-4971-A3EE-D1284AA40873}.Debug|Any CPU.ActiveCfg = Debug|Any CPU
		{551F949E-CE4C-4971-A3EE-D1284AA40873}.Debug|Any CPU.Build.0 = Debug|Any CPU
		{551F949E-CE4C-4971-A3EE-D1284AA40873}.Release|Any CPU.ActiveCfg = Release|Any CPU
		{551F949E-CE4C-4971-A3EE-D1284AA40873}.Release|Any CPU.Build.0 = Release|Any CPU
		{AFC38838-9DFD-42DE-B8E8-61A2ADCC4DD5}.Debug|Any CPU.ActiveCfg = Debug|Any CPU
		{AFC38838-9DFD-42DE-B8E8-61A2ADCC4DD5}.Debug|Any CPU.Build.0 = Debug|Any CPU
		{AFC38838-9DFD-42DE-B8E8-61A2ADCC4DD5}.Release|Any CPU.ActiveCfg = Release|Any CPU
		{AFC38838-9DFD-42DE-B8E8-61A2ADCC4DD5}.Release|Any CPU.Build.0 = Release|Any CPU
		{B31EA04B-CC9E-4CD1-9911-1ECF98F84B1A}.Debug|Any CPU.ActiveCfg = Debug|Any CPU
		{B31EA04B-CC9E-4CD1-9911-1ECF98F84B1A}.Debug|Any CPU.Build.0 = Debug|Any CPU
		{B31EA04B-CC9E-4CD1-9911-1ECF98F84B1A}.Release|Any CPU.ActiveCfg = Release|Any CPU
		{B31EA04B-CC9E-4CD1-9911-1ECF98F84B1A}.Release|Any CPU.Build.0 = Release|Any CPU
		{2649F97E-E724-46B0-BD24-E3C734AF91FD}.Debug|Any CPU.ActiveCfg = Debug|Any CPU
		{2649F97E-E724-46B0-BD24-E3C734AF91FD}.Debug|Any CPU.Build.0 = Debug|Any CPU
		{2649F97E-E724-46B0-BD24-E3C734AF91FD}.Release|Any CPU.ActiveCfg = Release|Any CPU
		{2649F97E-E724-46B0-BD24-E3C734AF91FD}.Release|Any CPU.Build.0 = Release|Any CPU
		{5FBF8E0E-B62F-42CF-94D6-7BF59C70C6E3}.Debug|Any CPU.ActiveCfg = Debug|Any CPU
		{5FBF8E0E-B62F-42CF-94D6-7BF59C70C6E3}.Debug|Any CPU.Build.0 = Debug|Any CPU
		{5FBF8E0E-B62F-42CF-94D6-7BF59C70C6E3}.Release|Any CPU.ActiveCfg = Release|Any CPU
		{5FBF8E0E-B62F-42CF-94D6-7BF59C70C6E3}.Release|Any CPU.Build.0 = Release|Any CPU
		{5B5223AE-9E38-449A-8600-57C947E4D68D}.Debug|Any CPU.ActiveCfg = Debug|Any CPU
		{5B5223AE-9E38-449A-8600-57C947E4D68D}.Debug|Any CPU.Build.0 = Debug|Any CPU
		{5B5223AE-9E38-449A-8600-57C947E4D68D}.Release|Any CPU.ActiveCfg = Release|Any CPU
		{5B5223AE-9E38-449A-8600-57C947E4D68D}.Release|Any CPU.Build.0 = Release|Any CPU
		{962F2161-CC9E-43F7-A535-2C39EF875677}.Debug|Any CPU.ActiveCfg = Debug|Any CPU
		{962F2161-CC9E-43F7-A535-2C39EF875677}.Debug|Any CPU.Build.0 = Debug|Any CPU
		{962F2161-CC9E-43F7-A535-2C39EF875677}.Release|Any CPU.ActiveCfg = Release|Any CPU
		{962F2161-CC9E-43F7-A535-2C39EF875677}.Release|Any CPU.Build.0 = Release|Any CPU
		{8F91E0C5-81CE-458A-B221-6F09549FF908}.Debug|Any CPU.ActiveCfg = Debug|Any CPU
		{8F91E0C5-81CE-458A-B221-6F09549FF908}.Debug|Any CPU.Build.0 = Debug|Any CPU
		{8F91E0C5-81CE-458A-B221-6F09549FF908}.Release|Any CPU.ActiveCfg = Release|Any CPU
		{8F91E0C5-81CE-458A-B221-6F09549FF908}.Release|Any CPU.Build.0 = Release|Any CPU
		{889DB3BC-ECDE-4DBD-A615-D19684922B17}.Debug|Any CPU.ActiveCfg = Debug|Any CPU
		{889DB3BC-ECDE-4DBD-A615-D19684922B17}.Debug|Any CPU.Build.0 = Debug|Any CPU
		{889DB3BC-ECDE-4DBD-A615-D19684922B17}.Release|Any CPU.ActiveCfg = Release|Any CPU
		{889DB3BC-ECDE-4DBD-A615-D19684922B17}.Release|Any CPU.Build.0 = Release|Any CPU
		{46433CE3-4C88-4158-ADBB-0CC07904F04A}.Debug|Any CPU.ActiveCfg = Debug|Any CPU
		{46433CE3-4C88-4158-ADBB-0CC07904F04A}.Debug|Any CPU.Build.0 = Debug|Any CPU
		{46433CE3-4C88-4158-ADBB-0CC07904F04A}.Release|Any CPU.ActiveCfg = Release|Any CPU
		{46433CE3-4C88-4158-ADBB-0CC07904F04A}.Release|Any CPU.Build.0 = Release|Any CPU
		{6138D16C-9D92-4003-B13E-F24094136709}.Debug|Any CPU.ActiveCfg = Debug|Any CPU
		{6138D16C-9D92-4003-B13E-F24094136709}.Debug|Any CPU.Build.0 = Debug|Any CPU
		{6138D16C-9D92-4003-B13E-F24094136709}.Release|Any CPU.ActiveCfg = Release|Any CPU
		{6138D16C-9D92-4003-B13E-F24094136709}.Release|Any CPU.Build.0 = Release|Any CPU
		{8E159257-3F4E-4273-9DC1-E63BBC5E75DF}.Debug|Any CPU.ActiveCfg = Debug|Any CPU
		{8E159257-3F4E-4273-9DC1-E63BBC5E75DF}.Debug|Any CPU.Build.0 = Debug|Any CPU
		{8E159257-3F4E-4273-9DC1-E63BBC5E75DF}.Release|Any CPU.ActiveCfg = Release|Any CPU
		{8E159257-3F4E-4273-9DC1-E63BBC5E75DF}.Release|Any CPU.Build.0 = Release|Any CPU
		{CCAFFFD3-61F6-44BF-A04E-07D69EAD49B1}.Debug|Any CPU.ActiveCfg = Debug|Any CPU
		{CCAFFFD3-61F6-44BF-A04E-07D69EAD49B1}.Debug|Any CPU.Build.0 = Debug|Any CPU
		{CCAFFFD3-61F6-44BF-A04E-07D69EAD49B1}.Release|Any CPU.ActiveCfg = Release|Any CPU
		{CCAFFFD3-61F6-44BF-A04E-07D69EAD49B1}.Release|Any CPU.Build.0 = Release|Any CPU
		{ABE1EF1D-2336-4FA8-831B-9277172201F6}.Debug|Any CPU.ActiveCfg = Debug|Any CPU
		{ABE1EF1D-2336-4FA8-831B-9277172201F6}.Debug|Any CPU.Build.0 = Debug|Any CPU
		{ABE1EF1D-2336-4FA8-831B-9277172201F6}.Release|Any CPU.ActiveCfg = Release|Any CPU
		{ABE1EF1D-2336-4FA8-831B-9277172201F6}.Release|Any CPU.Build.0 = Release|Any CPU
		{3D55C835-D3B3-4E48-A0E1-493B2183ADEF}.Debug|Any CPU.ActiveCfg = Debug|Any CPU
		{3D55C835-D3B3-4E48-A0E1-493B2183ADEF}.Debug|Any CPU.Build.0 = Debug|Any CPU
		{3D55C835-D3B3-4E48-A0E1-493B2183ADEF}.Release|Any CPU.ActiveCfg = Release|Any CPU
		{3D55C835-D3B3-4E48-A0E1-493B2183ADEF}.Release|Any CPU.Build.0 = Release|Any CPU
		{CB930D61-915A-44FA-86F4-7C02F43A8968}.Debug|Any CPU.ActiveCfg = Debug|Any CPU
		{CB930D61-915A-44FA-86F4-7C02F43A8968}.Debug|Any CPU.Build.0 = Debug|Any CPU
		{CB930D61-915A-44FA-86F4-7C02F43A8968}.Release|Any CPU.ActiveCfg = Release|Any CPU
		{CB930D61-915A-44FA-86F4-7C02F43A8968}.Release|Any CPU.Build.0 = Release|Any CPU
		{CF086238-4811-4A27-B274-733FC917A159}.Debug|Any CPU.ActiveCfg = Debug|Any CPU
		{CF086238-4811-4A27-B274-733FC917A159}.Debug|Any CPU.Build.0 = Debug|Any CPU
		{CF086238-4811-4A27-B274-733FC917A159}.Release|Any CPU.ActiveCfg = Release|Any CPU
		{CF086238-4811-4A27-B274-733FC917A159}.Release|Any CPU.Build.0 = Release|Any CPU
		{EBCA50E9-7C0F-4F71-AA62-1BED6ABF45A5}.Debug|Any CPU.ActiveCfg = Debug|Any CPU
		{EBCA50E9-7C0F-4F71-AA62-1BED6ABF45A5}.Debug|Any CPU.Build.0 = Debug|Any CPU
		{EBCA50E9-7C0F-4F71-AA62-1BED6ABF45A5}.Release|Any CPU.ActiveCfg = Release|Any CPU
		{EBCA50E9-7C0F-4F71-AA62-1BED6ABF45A5}.Release|Any CPU.Build.0 = Release|Any CPU
	EndGlobalSection
	GlobalSection(SolutionProperties) = preSolution
		HideSolutionNode = FALSE
	EndGlobalSection
	GlobalSection(NestedProjects) = preSolution
		{DE6638F8-4767-4C80-BA7E-B3D7E9129CA3} = {F9BBCF8F-B263-435A-8F76-9021C2F72063}
		{DC2C19F5-4F86-40F4-8E64-162CB25894D9} = {F9BBCF8F-B263-435A-8F76-9021C2F72063}
		{B42D4C68-D2EA-4CE5-B8CD-3B68DF38B8C1} = {D5B4F715-21E0-466B-B406-8021BEF47F76}
		{C617FDC1-DDFA-485A-B18E-3F101D329A52} = {D5B4F715-21E0-466B-B406-8021BEF47F76}
		{0473C864-E30F-4D2B-A6A8-11960EE9CD6B} = {D5B4F715-21E0-466B-B406-8021BEF47F76}
		{80630320-5001-4578-A0BC-A23864EBB436} = {D5B4F715-21E0-466B-B406-8021BEF47F76}
		{95141FB0-BDFA-42C4-81AA-B1CD43384B4E} = {AB7D0990-27A2-44E6-84BB-DE93DE3796A4}
		{EBDA7375-03B9-4189-8155-AA6CAA824B69} = {AB7D0990-27A2-44E6-84BB-DE93DE3796A4}
		{6041E820-DB87-430A-A50E-A9C3DF15B797} = {AB7D0990-27A2-44E6-84BB-DE93DE3796A4}
		{D027E490-DF6B-41EA-AF70-ECF6A1489181} = {6041E820-DB87-430A-A50E-A9C3DF15B797}
		{FA7F5021-982E-4686-97E6-5E7F76A464B2} = {6041E820-DB87-430A-A50E-A9C3DF15B797}
		{AA0BE198-A222-445B-B6B7-54F1DBDC9EF5} = {6041E820-DB87-430A-A50E-A9C3DF15B797}
		{CE3E3273-3A50-431D-840E-A432852CD2A2} = {6041E820-DB87-430A-A50E-A9C3DF15B797}
		{2D653C64-BDE2-4F4E-8384-ADAD81430C1B} = {8571626A-6124-4EC9-9ABB-E35C1C37FA95}
		{DCCDCA7B-3383-4F7D-9C81-BD20B487E211} = {8571626A-6124-4EC9-9ABB-E35C1C37FA95}
		{B463A031-FF86-4A69-AD60-86D5AA6F785C} = {D0DEA8A7-A2E9-43AB-9294-EC306ADFA794}
		{BF57AA7F-81AC-463C-BEAE-29920BEC7F74} = {D0DEA8A7-A2E9-43AB-9294-EC306ADFA794}
		{BF61D32D-81CD-4566-943D-41C0850C76E9} = {D0DEA8A7-A2E9-43AB-9294-EC306ADFA794}
		{3603F173-20C1-428A-AD30-955522BEBDDF} = {D0DEA8A7-A2E9-43AB-9294-EC306ADFA794}
		{2BFACDC3-F44D-4199-8498-F5C3C4AC0335} = {5824B7FB-CE4C-4A56-96D1-C8F77B089758}
		{E461C0A8-8900-485C-B520-E929BA33F712} = {5824B7FB-CE4C-4A56-96D1-C8F77B089758}
		{03350AA5-C483-4A44-9B7C-15F782FD41FC} = {D0DEA8A7-A2E9-43AB-9294-EC306ADFA794}
		{7C385264-592B-40C8-A513-10890C08CF50} = {03350AA5-C483-4A44-9B7C-15F782FD41FC}
		{551F949E-CE4C-4971-A3EE-D1284AA40873} = {03350AA5-C483-4A44-9B7C-15F782FD41FC}
		{AFC38838-9DFD-42DE-B8E8-61A2ADCC4DD5} = {03350AA5-C483-4A44-9B7C-15F782FD41FC}
		{B31EA04B-CC9E-4CD1-9911-1ECF98F84B1A} = {68695B50-2CD2-4027-A656-44DE55A37F94}
		{2649F97E-E724-46B0-BD24-E3C734AF91FD} = {68695B50-2CD2-4027-A656-44DE55A37F94}
		{5FBF8E0E-B62F-42CF-94D6-7BF59C70C6E3} = {68695B50-2CD2-4027-A656-44DE55A37F94}
		{5B5223AE-9E38-449A-8600-57C947E4D68D} = {68695B50-2CD2-4027-A656-44DE55A37F94}
		{962F2161-CC9E-43F7-A535-2C39EF875677} = {6C33A386-E0FF-4766-AC55-9EDDD43D149A}
		{8F91E0C5-81CE-458A-B221-6F09549FF908} = {6C33A386-E0FF-4766-AC55-9EDDD43D149A}
		{889DB3BC-ECDE-4DBD-A615-D19684922B17} = {32019528-533D-4830-BB64-B5706E8881BE}
		{46433CE3-4C88-4158-ADBB-0CC07904F04A} = {1F1DFC0A-5413-4F88-8FF6-E114D1AD3BAA}
		{6138D16C-9D92-4003-B13E-F24094136709} = {2F5CAB22-4BCE-4FA0-8A05-AAE27982B925}
		{8E159257-3F4E-4273-9DC1-E63BBC5E75DF} = {2F5CAB22-4BCE-4FA0-8A05-AAE27982B925}
		{CCAFFFD3-61F6-44BF-A04E-07D69EAD49B1} = {1F1DFC0A-5413-4F88-8FF6-E114D1AD3BAA}
		{C9A9728F-25DD-4138-946C-EB142184BFC8} = {2F5CAB22-4BCE-4FA0-8A05-AAE27982B925}
		{ABE1EF1D-2336-4FA8-831B-9277172201F6} = {C9A9728F-25DD-4138-946C-EB142184BFC8}
		{E3E697A3-A510-411A-9D89-0D01FCFCD021} = {D0DEA8A7-A2E9-43AB-9294-EC306ADFA794}
		{3D55C835-D3B3-4E48-A0E1-493B2183ADEF} = {69B7EBE7-AC67-4B03-915B-FB1125893760}
		{CB930D61-915A-44FA-86F4-7C02F43A8968} = {69B7EBE7-AC67-4B03-915B-FB1125893760}
		{CF086238-4811-4A27-B274-733FC917A159} = {67AE37E1-40DE-4479-9362-F840E6971754}
		{EBCA50E9-7C0F-4F71-AA62-1BED6ABF45A5} = {1F1DFC0A-5413-4F88-8FF6-E114D1AD3BAA}
	EndGlobalSection
	GlobalSection(ExtensibilityGlobals) = postSolution
		SolutionGuid = {2B4FA00A-F87B-4DE0-9461-31695E3DC30C}
	EndGlobalSection
EndGlobal
